
Microsoft Visual Studio Solution File, Format Version 12.00
# Visual Studio 14
VisualStudioVersion = 14.0.25420.1
MinimumVisualStudioVersion = 10.0.40219.1
Project("{FAE04EC0-301F-11D3-BF4B-00C04F79EFBC}") = "KDMSModel", "KDMSModel\KDMSModel.csproj", "{D6385DC3-F46C-4C91-9474-BDEFA1512218}"
EndProject
Project("{FAE04EC0-301F-11D3-BF4B-00C04F79EFBC}") = "KDMSCommon", "KDMSCommon\KDMSCommon.csproj", "{E1C8499C-8DBE-4404-9C90-CE6CDB065A51}"
EndProject
Project("{FAE04EC0-301F-11D3-BF4B-00C04F79EFBC}") = "KDMSManager", "KDMSWeb\KDMSManager.csproj", "{007E354C-5B24-4C01-9D32-7BA3FF864F84}"
EndProject
Global
	GlobalSection(SolutionConfigurationPlatforms) = preSolution
		Debug|Any CPU = Debug|Any CPU
		Release|Any CPU = Release|Any CPU
	EndGlobalSection
	GlobalSection(ProjectConfigurationPlatforms) = postSolution
		{D6385DC3-F46C-4C91-9474-BDEFA1512218}.Debug|Any CPU.ActiveCfg = Debug|Any CPU
		{D6385DC3-F46C-4C91-9474-BDEFA1512218}.Debug|Any CPU.Build.0 = Debug|Any CPU
		{D6385DC3-F46C-4C91-9474-BDEFA1512218}.Release|Any CPU.ActiveCfg = Release|Any CPU
		{D6385DC3-F46C-4C91-9474-BDEFA1512218}.Release|Any CPU.Build.0 = Release|Any CPU
		{E1C8499C-8DBE-4404-9C90-CE6CDB065A51}.Debug|Any CPU.ActiveCfg = Debug|Any CPU
		{E1C8499C-8DBE-4404-9C90-CE6CDB065A51}.Debug|Any CPU.Build.0 = Debug|Any CPU
		{E1C8499C-8DBE-4404-9C90-CE6CDB065A51}.Release|Any CPU.ActiveCfg = Release|Any CPU
		{E1C8499C-8DBE-4404-9C90-CE6CDB065A51}.Release|Any CPU.Build.0 = Release|Any CPU
		{007E354C-5B24-4C01-9D32-7BA3FF864F84}.Debug|Any CPU.ActiveCfg = Debug|Any CPU
		{007E354C-5B24-4C01-9D32-7BA3FF864F84}.Debug|Any CPU.Build.0 = Debug|Any CPU
		{007E354C-5B24-4C01-9D32-7BA3FF864F84}.Release|Any CPU.ActiveCfg = Release|Any CPU
		{007E354C-5B24-4C01-9D32-7BA3FF864F84}.Release|Any CPU.Build.0 = Release|Any CPU
	EndGlobalSection
	GlobalSection(SolutionProperties) = preSolution
		HideSolutionNode = FALSE
	EndGlobalSection
EndGlobal
